
Microsoft Visual Studio Solution File, Format Version 12.00
# Visual Studio 15
VisualStudioVersion = 15.0.27004.2006
MinimumVisualStudioVersion = 10.0.40219.1
Project("{FAE04EC0-301F-11D3-BF4B-00C04F79EFBC}") = "TestExtensions", "TestExtensions\TestExtensions.csproj", "{7F13A33E-B0E3-4F27-9C28-CF891CDB3D9C}"
EndProject
Project("{FAE04EC0-301F-11D3-BF4B-00C04F79EFBC}") = "TestExtensions.Test", "TestExtensions.Test\TestExtensions.Test.csproj", "{A6331CDE-F39E-4EFF-84D4-CA7F83AEF1C6}"
EndProject
Global
	GlobalSection(SolutionConfigurationPlatforms) = preSolution
		Debug|Any CPU = Debug|Any CPU
		Release|Any CPU = Release|Any CPU
	EndGlobalSection
	GlobalSection(ProjectConfigurationPlatforms) = postSolution
		{7F13A33E-B0E3-4F27-9C28-CF891CDB3D9C}.Debug|Any CPU.ActiveCfg = Debug|Any CPU
		{7F13A33E-B0E3-4F27-9C28-CF891CDB3D9C}.Debug|Any CPU.Build.0 = Debug|Any CPU
		{7F13A33E-B0E3-4F27-9C28-CF891CDB3D9C}.Release|Any CPU.ActiveCfg = Release|Any CPU
		{7F13A33E-B0E3-4F27-9C28-CF891CDB3D9C}.Release|Any CPU.Build.0 = Release|Any CPU
		{A6331CDE-F39E-4EFF-84D4-CA7F83AEF1C6}.Debug|Any CPU.ActiveCfg = Debug|Any CPU
		{A6331CDE-F39E-4EFF-84D4-CA7F83AEF1C6}.Debug|Any CPU.Build.0 = Debug|Any CPU
		{A6331CDE-F39E-4EFF-84D4-CA7F83AEF1C6}.Release|Any CPU.ActiveCfg = Release|Any CPU
		{A6331CDE-F39E-4EFF-84D4-CA7F83AEF1C6}.Release|Any CPU.Build.0 = Release|Any CPU
	EndGlobalSection
	GlobalSection(SolutionProperties) = preSolution
		HideSolutionNode = FALSE
	EndGlobalSection
	GlobalSection(ExtensibilityGlobals) = postSolution
		SolutionGuid = {2FE04B99-1E55-4D8B-B17D-3BDDD2EA0303}
	EndGlobalSection
EndGlobal
